# This is a Gradle generated file for dependency locking.
# Manual edits can break the build and are not advised.
# This file is expected to be part of source control.
ch.qos.logback:logback-classic:1.5.26=integrationTestCompileClasspath,integrationTestRuntimeClasspath
ch.qos.logback:logback-core:1.5.26=integrationTestCompileClasspath,integrationTestRuntimeClasspath
com.eclipsesource.minimal-json:minimal-json:0.9.5=integrationTestCompileClasspath,integrationTestRuntimeClasspath
com.fasterxml.jackson.core:jackson-annotations:2.18.3=integrationTestCompileClasspath,integrationTestRuntimeClasspath
com.fasterxml.jackson.core:jackson-core:2.18.3=integrationTestCompileClasspath,integrationTestRuntimeClasspath
com.fasterxml.jackson.core:jackson-databind:2.18.3=integrationTestCompileClasspath,integrationTestRuntimeClasspath
com.fasterxml.jackson.dataformat:jackson-dataformat-xml:2.18.3=integrationTestCompileClasspath,integrationTestRuntimeClasspath
com.fasterxml.jackson:jackson-bom:2.18.3=integrationTestCompileClasspath,integrationTestRuntimeClasspath
com.fasterxml.woodstox:woodstox-core:7.0.0=integrationTestCompileClasspath,integrationTestRuntimeClasspath
com.h2database:h2:2.2.222=integrationTestRuntimeClasspath
com.squareup.okhttp3:okhttp-jvm:5.1.0=integrationTestCompileClasspath,integrationTestRuntimeClasspath
com.squareup.okio:okio-jvm:3.15.0=integrationTestCompileClasspath,integrationTestRuntimeClasspath
com.squareup.okio:okio:3.15.0=integrationTestCompileClasspath,integrationTestRuntimeClasspath
commons-codec:commons-codec:1.13=integrationTestCompileClasspath,integrationTestRuntimeClasspath
commons-io:commons-io:2.20.0=integrationTestCompileClasspath,integrationTestRuntimeClasspath
net.bytebuddy:byte-buddy:1.18.3=integrationTestCompileClasspath,integrationTestRuntimeClasspath
org.apache.commons:commons-exec:1.5.0=integrationTestCompileClasspath,integrationTestRuntimeClasspath
org.apache.commons:commons-lang3:3.18.0=integrationTestCompileClasspath,integrationTestRuntimeClasspath
org.apache.commons:commons-text:1.14.0=integrationTestCompileClasspath,integrationTestRuntimeClasspath
org.apache.maven:maven-artifact:3.9.11=integrationTestCompileClasspath,integrationTestRuntimeClasspath
org.apiguardian:apiguardian-api:1.1.2=integrationTestCompileClasspath
org.assertj:assertj-core:3.27.7=integrationTestCompileClasspath,integrationTestRuntimeClasspath
org.codehaus.plexus:plexus-utils:3.6.0=integrationTestCompileClasspath,integrationTestRuntimeClasspath
org.codehaus.woodstox:stax2-api:4.2.2=integrationTestCompileClasspath,integrationTestRuntimeClasspath
org.jacoco:org.jacoco.agent:0.8.14=jacocoAgent,jacocoAnt
org.jacoco:org.jacoco.ant:0.8.14=jacocoAnt
org.jacoco:org.jacoco.core:0.8.14=jacocoAnt
org.jacoco:org.jacoco.report:0.8.14=jacocoAnt
org.jetbrains.kotlin:kotlin-stdlib:2.2.0=integrationTestCompileClasspath,integrationTestRuntimeClasspath
org.jetbrains:annotations:13.0=integrationTestCompileClasspath,integrationTestRuntimeClasspath
org.jspecify:jspecify:1.0.0=integrationTestCompileClasspath
org.junit.jupiter:junit-jupiter-api:6.0.0=integrationTestCompileClasspath,integrationTestRuntimeClasspath
org.junit.jupiter:junit-jupiter-engine:6.0.0=integrationTestRuntimeClasspath
org.junit.jupiter:junit-jupiter-params:6.0.0=integrationTestCompileClasspath,integrationTestRuntimeClasspath
org.junit.jupiter:junit-jupiter:6.0.0=integrationTestCompileClasspath,integrationTestRuntimeClasspath
org.junit.platform:junit-platform-commons:6.0.0=integrationTestCompileClasspath,integrationTestRuntimeClasspath
org.junit.platform:junit-platform-engine:6.0.0=integrationTestRuntimeClasspath
org.junit.platform:junit-platform-launcher:6.0.0=integrationTestRuntimeClasspath
org.junit:junit-bom:6.0.0=integrationTestCompileClasspath,integrationTestRuntimeClasspath
org.opentest4j:opentest4j:1.3.0=integrationTestCompileClasspath,integrationTestRuntimeClasspath
org.ow2.asm:asm-commons:9.9=jacocoAnt
org.ow2.asm:asm-tree:9.9=jacocoAnt
org.ow2.asm:asm:9.9=jacocoAnt
org.slf4j:jcl-over-slf4j:2.0.17=integrationTestRuntimeClasspath
org.slf4j:log4j-over-slf4j:2.0.17=integrationTestRuntimeClasspath
org.slf4j:slf4j-api:2.0.17=integrationTestCompileClasspath,integrationTestRuntimeClasspath
org.sonarsource.analyzer-commons:sonar-analyzer-commons:2.18.0.3393=integrationTestCompileClasspath,integrationTestRuntimeClasspath
org.sonarsource.orchestrator:sonar-orchestrator-build:6.1.0.3962=integrationTestCompileClasspath,integrationTestRuntimeClasspath
org.sonarsource.orchestrator:sonar-orchestrator-config:6.1.0.3962=integrationTestCompileClasspath,integrationTestRuntimeClasspath
org.sonarsource.orchestrator:sonar-orchestrator-http:6.1.0.3962=integrationTestCompileClasspath,integrationTestRuntimeClasspath
org.sonarsource.orchestrator:sonar-orchestrator-junit5:6.1.0.3962=integrationTestCompileClasspath,integrationTestRuntimeClasspath
org.sonarsource.orchestrator:sonar-orchestrator-locators:6.1.0.3962=integrationTestCompileClasspath,integrationTestRuntimeClasspath
org.sonarsource.orchestrator:sonar-orchestrator-utils:6.1.0.3962=integrationTestCompileClasspath,integrationTestRuntimeClasspath
org.sonarsource.orchestrator:sonar-orchestrator:6.1.0.3962=integrationTestCompileClasspath,integrationTestRuntimeClasspath
empty=annotationProcessor,compileClasspath,integrationTestAnnotationProcessor,runtimeClasspath,testAnnotationProcessor,testCompileClasspath,testRuntimeClasspath
